
Microsoft Visual Studio Solution File, Format Version 12.00
# Visual Studio 2012
Project("{FAE04EC0-301F-11D3-BF4B-00C04F79EFBC}") = "Risk", "Risk\Risk.csproj", "{96DE6F4F-351C-4A69-8675-034BA0AB8C1B}"
EndProject
Global
	GlobalSection(SolutionConfigurationPlatforms) = preSolution
		Debug|Any CPU = Debug|Any CPU
		Release|Any CPU = Release|Any CPU
	EndGlobalSection
	GlobalSection(ProjectConfigurationPlatforms) = postSolution
		{96DE6F4F-351C-4A69-8675-034BA0AB8C1B}.Debug|Any CPU.ActiveCfg = Debug|Any CPU
		{96DE6F4F-351C-4A69-8675-034BA0AB8C1B}.Debug|Any CPU.Build.0 = Debug|Any CPU
		{96DE6F4F-351C-4A69-8675-034BA0AB8C1B}.Release|Any CPU.ActiveCfg = Release|Any CPU
		{96DE6F4F-351C-4A69-8675-034BA0AB8C1B}.Release|Any CPU.Build.0 = Release|Any CPU
	EndGlobalSection
	GlobalSection(SolutionProperties) = preSolution
		HideSolutionNode = FALSE
	EndGlobalSection
EndGlobal
